
Microsoft Visual Studio Solution File, Format Version 12.00
# Visual Studio 15
Project("{FAE04EC0-301F-11D3-BF4B-00C04F79EFBC}") = "Assembly-CSharp", "Assembly-CSharp.csproj", "{866FBD61-BBF5-AA32-A074-447D96D3C88D}"
EndProject
Project("{FAE04EC0-301F-11D3-BF4B-00C04F79EFBC}") = "Assembly-CSharp-Editor", "Assembly-CSharp-Editor.csproj", "{914687B2-1273-5F8D-2314-1C32CBB11B61}"
EndProject
Global
	GlobalSection(SolutionConfigurationPlatforms) = preSolution
		Debug|Any CPU = Debug|Any CPU
		Release|Any CPU = Release|Any CPU
	EndGlobalSection
	GlobalSection(ProjectConfigurationPlatforms) = postSolution
		{866FBD61-BBF5-AA32-A074-447D96D3C88D}.Debug|Any CPU.ActiveCfg = Debug|Any CPU
		{866FBD61-BBF5-AA32-A074-447D96D3C88D}.Debug|Any CPU.Build.0 = Debug|Any CPU
		{866FBD61-BBF5-AA32-A074-447D96D3C88D}.Release|Any CPU.ActiveCfg = Release|Any CPU
		{866FBD61-BBF5-AA32-A074-447D96D3C88D}.Release|Any CPU.Build.0 = Release|Any CPU
		{914687B2-1273-5F8D-2314-1C32CBB11B61}.Debug|Any CPU.ActiveCfg = Debug|Any CPU
		{914687B2-1273-5F8D-2314-1C32CBB11B61}.Debug|Any CPU.Build.0 = Debug|Any CPU
		{914687B2-1273-5F8D-2314-1C32CBB11B61}.Release|Any CPU.ActiveCfg = Release|Any CPU
		{914687B2-1273-5F8D-2314-1C32CBB11B61}.Release|Any CPU.Build.0 = Release|Any CPU
	EndGlobalSection
	GlobalSection(SolutionProperties) = preSolution
		HideSolutionNode = FALSE
	EndGlobalSection
EndGlobal
